
Microsoft Visual Studio Solution File, Format Version 12.00
# Visual Studio Version 17
VisualStudioVersion = 17.4.33213.308
MinimumVisualStudioVersion = 10.0.40219.1
Project("{FAE04EC0-301F-11D3-BF4B-00C04F79EFBC}") = "PickRandomCards", "PickRandomCards\PickRandomCards.csproj", "{0C8C3AD4-21E0-4CD2-BDF2-B7DD9164ECB5}"
EndProject
Global
	GlobalSection(SolutionConfigurationPlatforms) = preSolution
		Debug|Any CPU = Debug|Any CPU
		Release|Any CPU = Release|Any CPU
	EndGlobalSection
	GlobalSection(ProjectConfigurationPlatforms) = postSolution
		{0C8C3AD4-21E0-4CD2-BDF2-B7DD9164ECB5}.Debug|Any CPU.ActiveCfg = Debug|Any CPU
		{0C8C3AD4-21E0-4CD2-BDF2-B7DD9164ECB5}.Debug|Any CPU.Build.0 = Debug|Any CPU
		{0C8C3AD4-21E0-4CD2-BDF2-B7DD9164ECB5}.Release|Any CPU.ActiveCfg = Release|Any CPU
		{0C8C3AD4-21E0-4CD2-BDF2-B7DD9164ECB5}.Release|Any CPU.Build.0 = Release|Any CPU
	EndGlobalSection
	GlobalSection(SolutionProperties) = preSolution
		HideSolutionNode = FALSE
	EndGlobalSection
	GlobalSection(ExtensibilityGlobals) = postSolution
		SolutionGuid = {5174CBB7-1105-4856-B042-2015F888E04D}
	EndGlobalSection
EndGlobal
